// !$*UTF8*$!
{
	archiveVersion = 1;
	classes = {
	};
	objectVersion = 56;
	objects = {

/* Begin PBXBuildFile section */
		4E1541C42941FFAE0020F6B8 /* MoviesHome.storyboard in Resources */ = {isa = PBXBuildFile; fileRef = 4E77F22D293FD76900AB541E /* MoviesHome.storyboard */; };
		4E1541C52941FFB20020F6B8 /* MoviesHomeViewController.swift in Sources */ = {isa = PBXBuildFile; fileRef = 4E1541C22941FF660020F6B8 /* MoviesHomeViewController.swift */; };
		4E47A991294255FE00E3B50D /* ProfileViewController.swift in Sources */ = {isa = PBXBuildFile; fileRef = 4E47A990294255FE00E3B50D /* ProfileViewController.swift */; };
		4E77F228293FD76900AB541E /* AppDelegate.swift in Sources */ = {isa = PBXBuildFile; fileRef = 4E77F227293FD76900AB541E /* AppDelegate.swift */; };
		4E77F22A293FD76900AB541E /* SceneDelegate.swift in Sources */ = {isa = PBXBuildFile; fileRef = 4E77F229293FD76900AB541E /* SceneDelegate.swift */; };
		4E77F231293FD76A00AB541E /* Assets.xcassets in Resources */ = {isa = PBXBuildFile; fileRef = 4E77F230293FD76A00AB541E /* Assets.xcassets */; };
		4E77F234293FD76A00AB541E /* LaunchScreen.storyboard in Resources */ = {isa = PBXBuildFile; fileRef = 4E77F232293FD76A00AB541E /* LaunchScreen.storyboard */; };
		4E77F23F293FD76A00AB541E /* coppelTestAppTests.swift in Sources */ = {isa = PBXBuildFile; fileRef = 4E77F23E293FD76A00AB541E /* coppelTestAppTests.swift */; };
		4E77F249293FD76A00AB541E /* coppelTestAppUITests.swift in Sources */ = {isa = PBXBuildFile; fileRef = 4E77F248293FD76A00AB541E /* coppelTestAppUITests.swift */; };
		4E77F24B293FD76A00AB541E /* coppelTestAppUITestsLaunchTests.swift in Sources */ = {isa = PBXBuildFile; fileRef = 4E77F24A293FD76A00AB541E /* coppelTestAppUITestsLaunchTests.swift */; };
		4E934D562941B802002E8634 /* WebSiteCreate.swift in Sources */ = {isa = PBXBuildFile; fileRef = 4E934D552941B802002E8634 /* WebSiteCreate.swift */; };
		4E934D582941BB41002E8634 /* ModelDetailTV.swift in Sources */ = {isa = PBXBuildFile; fileRef = 4E934D572941BB41002E8634 /* ModelDetailTV.swift */; };
		4E934D5A2941C655002E8634 /* LoginViewController.swift in Sources */ = {isa = PBXBuildFile; fileRef = 4E934D592941C655002E8634 /* LoginViewController.swift */; };
		4EE7447E293FE5DC000237A6 /* MoviesCollectionViewCell.swift in Sources */ = {isa = PBXBuildFile; fileRef = 4EE7447C293FE5DC000237A6 /* MoviesCollectionViewCell.swift */; };
		4EE7447F293FE5DC000237A6 /* MoviesCollectionViewCell.xib in Resources */ = {isa = PBXBuildFile; fileRef = 4EE7447D293FE5DC000237A6 /* MoviesCollectionViewCell.xib */; };
		4EE74481293FF237000237A6 /* EnumsExtension.swift in Sources */ = {isa = PBXBuildFile; fileRef = 4EE74480293FF237000237A6 /* EnumsExtension.swift */; };
		4EE74484293FF4B9000237A6 /* ColorExtension.swift in Sources */ = {isa = PBXBuildFile; fileRef = 4EE74483293FF4B9000237A6 /* ColorExtension.swift */; };
		4EE7448829403736000237A6 /* ServiceManager.swift in Sources */ = {isa = PBXBuildFile; fileRef = 4EE7448729403736000237A6 /* ServiceManager.swift */; };
		4EE7448A2940378A000237A6 /* IntExtension.swift in Sources */ = {isa = PBXBuildFile; fileRef = 4EE744892940378A000237A6 /* IntExtension.swift */; };
		4EE7448C294037D5000237A6 /* UIImageExtension.swift in Sources */ = {isa = PBXBuildFile; fileRef = 4EE7448B294037D5000237A6 /* UIImageExtension.swift */; };
		4EE7448F29403938000237A6 /* ProgressView.swift in Sources */ = {isa = PBXBuildFile; fileRef = 4EE7448E29403938000237A6 /* ProgressView.swift */; };
		4EE74492294039A0000237A6 /* Reachability.swift in Sources */ = {isa = PBXBuildFile; fileRef = 4EE74491294039A0000237A6 /* Reachability.swift */; };
		4EE7449529403A1A000237A6 /* AlertView.swift in Sources */ = {isa = PBXBuildFile; fileRef = 4EE7449429403A1A000237A6 /* AlertView.swift */; };
		4EE7449829403DFB000237A6 /* MoviesViewModel.swift in Sources */ = {isa = PBXBuildFile; fileRef = 4EE7449729403DFB000237A6 /* MoviesViewModel.swift */; };
		4EE7449B29403E15000237A6 /* Model.swift in Sources */ = {isa = PBXBuildFile; fileRef = 4EE7449A29403E15000237A6 /* Model.swift */; };
		4EE7449D294048A0000237A6 /* TokenViewModel.swift in Sources */ = {isa = PBXBuildFile; fileRef = 4EE7449C294048A0000237A6 /* TokenViewModel.swift */; };
		4EE7449F2941800C000237A6 /* DetailMovieViewController.swift in Sources */ = {isa = PBXBuildFile; fileRef = 4EE7449E2941800C000237A6 /* DetailMovieViewController.swift */; };
		4EE744A1294187AB000237A6 /* DetailMovieViewModel.swift in Sources */ = {isa = PBXBuildFile; fileRef = 4EE744A0294187AB000237A6 /* DetailMovieViewModel.swift */; };
		4EE744A3294187D6000237A6 /* ModelDetailMovie.swift in Sources */ = {isa = PBXBuildFile; fileRef = 4EE744A2294187D6000237A6 /* ModelDetailMovie.swift */; };
		4EE744A72941AE2C000237A6 /* MovieDetailCollectionViewCell.swift in Sources */ = {isa = PBXBuildFile; fileRef = 4EE744A52941AE2C000237A6 /* MovieDetailCollectionViewCell.swift */; };
		4EE744A82941AE2C000237A6 /* MovieDetailCollectionViewCell.xib in Resources */ = {isa = PBXBuildFile; fileRef = 4EE744A62941AE2C000237A6 /* MovieDetailCollectionViewCell.xib */; };
/* End PBXBuildFile section */

/* Begin PBXContainerItemProxy section */
		4E77F23B293FD76A00AB541E /* PBXContainerItemProxy */ = {
			isa = PBXContainerItemProxy;
			containerPortal = 4E77F21C293FD76900AB541E /* Project object */;
			proxyType = 1;
			remoteGlobalIDString = 4E77F223293FD76900AB541E;
			remoteInfo = coppelTestApp;
		};
		4E77F245293FD76A00AB541E /* PBXContainerItemProxy */ = {
			isa = PBXContainerItemProxy;
			containerPortal = 4E77F21C293FD76900AB541E /* Project object */;
			proxyType = 1;
			remoteGlobalIDString = 4E77F223293FD76900AB541E;
			remoteInfo = coppelTestApp;
		};
/* End PBXContainerItemProxy section */

/* Begin PBXFileReference section */
		4E1541C22941FF660020F6B8 /* MoviesHomeViewController.swift */ = {isa = PBXFileReference; fileEncoding = 4; lastKnownFileType = sourcecode.swift; path = MoviesHomeViewController.swift; sourceTree = "<group>"; };
		4E47A990294255FE00E3B50D /* ProfileViewController.swift */ = {isa = PBXFileReference; lastKnownFileType = sourcecode.swift; path = ProfileViewController.swift; sourceTree = "<group>"; };
		4E77F224293FD76900AB541E /* coppelTestApp.app */ = {isa = PBXFileReference; explicitFileType = wrapper.application; includeInIndex = 0; path = coppelTestApp.app; sourceTree = BUILT_PRODUCTS_DIR; };
		4E77F227293FD76900AB541E /* AppDelegate.swift */ = {isa = PBXFileReference; lastKnownFileType = sourcecode.swift; path = AppDelegate.swift; sourceTree = "<group>"; };
		4E77F229293FD76900AB541E /* SceneDelegate.swift */ = {isa = PBXFileReference; lastKnownFileType = sourcecode.swift; path = SceneDelegate.swift; sourceTree = "<group>"; };
		4E77F22E293FD76900AB541E /* Base */ = {isa = PBXFileReference; lastKnownFileType = file.storyboard; name = Base; path = Base.lproj/MoviesHome.storyboard; sourceTree = "<group>"; };
		4E77F230293FD76A00AB541E /* Assets.xcassets */ = {isa = PBXFileReference; lastKnownFileType = folder.assetcatalog; path = Assets.xcassets; sourceTree = "<group>"; };
		4E77F233293FD76A00AB541E /* Base */ = {isa = PBXFileReference; lastKnownFileType = file.storyboard; name = Base; path = Base.lproj/LaunchScreen.storyboard; sourceTree = "<group>"; };
		4E77F235293FD76A00AB541E /* Info.plist */ = {isa = PBXFileReference; lastKnownFileType = text.plist.xml; path = Info.plist; sourceTree = "<group>"; };
		4E77F23A293FD76A00AB541E /* coppelTestAppTests.xctest */ = {isa = PBXFileReference; explicitFileType = wrapper.cfbundle; includeInIndex = 0; path = coppelTestAppTests.xctest; sourceTree = BUILT_PRODUCTS_DIR; };
		4E77F23E293FD76A00AB541E /* coppelTestAppTests.swift */ = {isa = PBXFileReference; lastKnownFileType = sourcecode.swift; path = coppelTestAppTests.swift; sourceTree = "<group>"; };
		4E77F244293FD76A00AB541E /* coppelTestAppUITests.xctest */ = {isa = PBXFileReference; explicitFileType = wrapper.cfbundle; includeInIndex = 0; path = coppelTestAppUITests.xctest; sourceTree = BUILT_PRODUCTS_DIR; };
		4E77F248293FD76A00AB541E /* coppelTestAppUITests.swift */ = {isa = PBXFileReference; lastKnownFileType = sourcecode.swift; path = coppelTestAppUITests.swift; sourceTree = "<group>"; };
		4E77F24A293FD76A00AB541E /* coppelTestAppUITestsLaunchTests.swift */ = {isa = PBXFileReference; lastKnownFileType = sourcecode.swift; path = coppelTestAppUITestsLaunchTests.swift; sourceTree = "<group>"; };
		4E934D552941B802002E8634 /* WebSiteCreate.swift */ = {isa = PBXFileReference; lastKnownFileType = sourcecode.swift; name = WebSiteCreate.swift; path = CoppelTestApp/Generics/WebSite/WebSiteCreate.swift; sourceTree = SOURCE_ROOT; };
		4E934D572941BB41002E8634 /* ModelDetailTV.swift */ = {isa = PBXFileReference; lastKnownFileType = sourcecode.swift; name = ModelDetailTV.swift; path = CoppelTestApp/Model/ModelDetailTV.swift; sourceTree = SOURCE_ROOT; };
		4E934D592941C655002E8634 /* LoginViewController.swift */ = {isa = PBXFileReference; lastKnownFileType = sourcecode.swift; name = LoginViewController.swift; path = CoppelTestApp/HomeMovies/View/LoginViewController.swift; sourceTree = SOURCE_ROOT; };
		4EE7447C293FE5DC000237A6 /* MoviesCollectionViewCell.swift */ = {isa = PBXFileReference; lastKnownFileType = sourcecode.swift; path = MoviesCollectionViewCell.swift; sourceTree = "<group>"; };
		4EE7447D293FE5DC000237A6 /* MoviesCollectionViewCell.xib */ = {isa = PBXFileReference; lastKnownFileType = file.xib; path = MoviesCollectionViewCell.xib; sourceTree = "<group>"; };
		4EE74480293FF237000237A6 /* EnumsExtension.swift */ = {isa = PBXFileReference; lastKnownFileType = sourcecode.swift; path = EnumsExtension.swift; sourceTree = "<group>"; };
		4EE74483293FF4B9000237A6 /* ColorExtension.swift */ = {isa = PBXFileReference; lastKnownFileType = sourcecode.swift; path = ColorExtension.swift; sourceTree = "<group>"; };
		4EE7448729403736000237A6 /* ServiceManager.swift */ = {isa = PBXFileReference; lastKnownFileType = sourcecode.swift; name = ServiceManager.swift; path = CoppelTestApp/Generics/ServiceManager/ServiceManager.swift; sourceTree = SOURCE_ROOT; };
		4EE744892940378A000237A6 /* IntExtension.swift */ = {isa = PBXFileReference; lastKnownFileType = sourcecode.swift; name = IntExtension.swift; path = CoppelTestApp/Generics/Extensions/IntExtension.swift; sourceTree = SOURCE_ROOT; };
		4EE7448B294037D5000237A6 /* UIImageExtension.swift */ = {isa = PBXFileReference; lastKnownFileType = sourcecode.swift; name = UIImageExtension.swift; path = CoppelTestApp/Generics/Extensions/UIImageExtension.swift; sourceTree = SOURCE_ROOT; };
		4EE7448E29403938000237A6 /* ProgressView.swift */ = {isa = PBXFileReference; lastKnownFileType = sourcecode.swift; name = ProgressView.swift; path = CoppelTestApp/Generics/ProgressView/ProgressView.swift; sourceTree = SOURCE_ROOT; };
		4EE74491294039A0000237A6 /* Reachability.swift */ = {isa = PBXFileReference; lastKnownFileType = sourcecode.swift; name = Reachability.swift; path = CoppelTestApp/Generics/Reachability.swift; sourceTree = SOURCE_ROOT; };
		4EE7449429403A1A000237A6 /* AlertView.swift */ = {isa = PBXFileReference; lastKnownFileType = sourcecode.swift; name = AlertView.swift; path = CoppelTestApp/Generics/AlertView/AlertView.swift; sourceTree = SOURCE_ROOT; };
		4EE7449729403DFB000237A6 /* MoviesViewModel.swift */ = {isa = PBXFileReference; lastKnownFileType = sourcecode.swift; name = MoviesViewModel.swift; path = CoppelTestApp/ViewModel/MoviesViewModel.swift; sourceTree = SOURCE_ROOT; };
		4EE7449A29403E15000237A6 /* Model.swift */ = {isa = PBXFileReference; lastKnownFileType = sourcecode.swift; name = Model.swift; path = CoppelTestApp/Model/Model.swift; sourceTree = SOURCE_ROOT; };
		4EE7449C294048A0000237A6 /* TokenViewModel.swift */ = {isa = PBXFileReference; lastKnownFileType = sourcecode.swift; name = TokenViewModel.swift; path = CoppelTestApp/ViewModel/TokenViewModel.swift; sourceTree = SOURCE_ROOT; };
		4EE7449E2941800C000237A6 /* DetailMovieViewController.swift */ = {isa = PBXFileReference; lastKnownFileType = sourcecode.swift; name = DetailMovieViewController.swift; path = CoppelTestApp/HomeMovies/View/DetailMovieViewController.swift; sourceTree = SOURCE_ROOT; };
		4EE744A0294187AB000237A6 /* DetailMovieViewModel.swift */ = {isa = PBXFileReference; lastKnownFileType = sourcecode.swift; name = DetailMovieViewModel.swift; path = CoppelTestApp/ViewModel/DetailMovieViewModel.swift; sourceTree = SOURCE_ROOT; };
		4EE744A2294187D6000237A6 /* ModelDetailMovie.swift */ = {isa = PBXFileReference; lastKnownFileType = sourcecode.swift; name = ModelDetailMovie.swift; path = CoppelTestApp/Model/ModelDetailMovie.swift; sourceTree = SOURCE_ROOT; };
		4EE744A52941AE2C000237A6 /* MovieDetailCollectionViewCell.swift */ = {isa = PBXFileReference; lastKnownFileType = sourcecode.swift; name = MovieDetailCollectionViewCell.swift; path = CoppelTestApp/HomeMovies/cellDetailMovie/MovieDetailCollectionViewCell.swift; sourceTree = SOURCE_ROOT; };
		4EE744A62941AE2C000237A6 /* MovieDetailCollectionViewCell.xib */ = {isa = PBXFileReference; lastKnownFileType = file.xib; name = MovieDetailCollectionViewCell.xib; path = CoppelTestApp/HomeMovies/cellDetailMovie/MovieDetailCollectionViewCell.xib; sourceTree = SOURCE_ROOT; };
/* End PBXFileReference section */

/* Begin PBXFrameworksBuildPhase section */
		4E77F221293FD76900AB541E /* Frameworks */ = {
			isa = PBXFrameworksBuildPhase;
			buildActionMask = 2147483647;
			files = (
			);
			runOnlyForDeploymentPostprocessing = 0;
		};
		4E77F237293FD76A00AB541E /* Frameworks */ = {
			isa = PBXFrameworksBuildPhase;
			buildActionMask = 2147483647;
			files = (
			);
			runOnlyForDeploymentPostprocessing = 0;
		};
		4E77F241293FD76A00AB541E /* Frameworks */ = {
			isa = PBXFrameworksBuildPhase;
			buildActionMask = 2147483647;
			files = (
			);
			runOnlyForDeploymentPostprocessing = 0;
		};
/* End PBXFrameworksBuildPhase section */

/* Begin PBXGroup section */
		4E77F21B293FD76900AB541E = {
			isa = PBXGroup;
			children = (
				4E77F226293FD76900AB541E /* coppelTestApp */,
				4E77F23D293FD76A00AB541E /* coppelTestAppTests */,
				4E77F247293FD76A00AB541E /* coppelTestAppUITests */,
				4E77F225293FD76900AB541E /* Products */,
			);
			sourceTree = "<group>";
		};
		4E77F225293FD76900AB541E /* Products */ = {
			isa = PBXGroup;
			children = (
				4E77F224293FD76900AB541E /* coppelTestApp.app */,
				4E77F23A293FD76A00AB541E /* coppelTestAppTests.xctest */,
				4E77F244293FD76A00AB541E /* coppelTestAppUITests.xctest */,
			);
			name = Products;
			sourceTree = "<group>";
		};
		4E77F226293FD76900AB541E /* coppelTestApp */ = {
			isa = PBXGroup;
			children = (
				4EE7449929403E0E000237A6 /* Model */,
				4EE7449629403DE5000237A6 /* ViewModel */,
				4EE74475293FE01F000237A6 /* HomeMovies */,
				4EE7447A293FE2DF000237A6 /* Generics */,
				4E77F227293FD76900AB541E /* AppDelegate.swift */,
				4E77F229293FD76900AB541E /* SceneDelegate.swift */,
				4E77F230293FD76A00AB541E /* Assets.xcassets */,
				4E77F232293FD76A00AB541E /* LaunchScreen.storyboard */,
				4E77F235293FD76A00AB541E /* Info.plist */,
			);
			path = coppelTestApp;
			sourceTree = "<group>";
		};
		4E77F23D293FD76A00AB541E /* coppelTestAppTests */ = {
			isa = PBXGroup;
			children = (
				4E77F23E293FD76A00AB541E /* coppelTestAppTests.swift */,
			);
			path = coppelTestAppTests;
			sourceTree = "<group>";
		};
		4E77F247293FD76A00AB541E /* coppelTestAppUITests */ = {
			isa = PBXGroup;
			children = (
				4E77F248293FD76A00AB541E /* coppelTestAppUITests.swift */,
				4E77F24A293FD76A00AB541E /* coppelTestAppUITestsLaunchTests.swift */,
			);
			path = coppelTestAppUITests;
			sourceTree = "<group>";
		};
		4E934D542941B7EB002E8634 /* WebSite */ = {
			isa = PBXGroup;
			children = (
				4E934D552941B802002E8634 /* WebSiteCreate.swift */,
			);
			path = WebSite;
			sourceTree = "<group>";
		};
		4EE74475293FE01F000237A6 /* HomeMovies */ = {
			isa = PBXGroup;
			children = (
				4EE744A42941AE0F000237A6 /* cellDetailMovie */,
				4EE74479293FE080000237A6 /* Views */,
				4EE74477293FE053000237A6 /* View */,
				4EE7447B293FE5A3000237A6 /* cellsMovies */,
			);
			path = HomeMovies;
			sourceTree = "<group>";
		};
		4EE74477293FE053000237A6 /* View */ = {
			isa = PBXGroup;
			children = (
				4E1541C22941FF660020F6B8 /* MoviesHomeViewController.swift */,
				4EE7449E2941800C000237A6 /* DetailMovieViewController.swift */,
				4E934D592941C655002E8634 /* LoginViewController.swift */,
				4E47A990294255FE00E3B50D /* ProfileViewController.swift */,
			);
			path = View;
			sourceTree = "<group>";
		};
		4EE74479293FE080000237A6 /* Views */ = {
			isa = PBXGroup;
			children = (
				4E77F22D293FD76900AB541E /* MoviesHome.storyboard */,
			);
			path = Views;
			sourceTree = "<group>";
		};
		4EE7447A293FE2DF000237A6 /* Generics */ = {
			isa = PBXGroup;
			children = (
				4E934D542941B7EB002E8634 /* WebSite */,
				4EE74493294039FF000237A6 /* AlertView */,
				4EE7449029403992000237A6 /* Networking */,
				4EE7448D29403890000237A6 /* ProgressView */,
				4EE7448629403727000237A6 /* ServiceManager */,
				4EE744852940354E000237A6 /* Others */,
				4EE74482293FF4A9000237A6 /* Extensions */,
			);
			path = Generics;
			sourceTree = "<group>";
		};
		4EE7447B293FE5A3000237A6 /* cellsMovies */ = {
			isa = PBXGroup;
			children = (
				4EE7447C293FE5DC000237A6 /* MoviesCollectionViewCell.swift */,
				4EE7447D293FE5DC000237A6 /* MoviesCollectionViewCell.xib */,
			);
			path = cellsMovies;
			sourceTree = "<group>";
		};
		4EE74482293FF4A9000237A6 /* Extensions */ = {
			isa = PBXGroup;
			children = (
				4EE74483293FF4B9000237A6 /* ColorExtension.swift */,
				4EE744892940378A000237A6 /* IntExtension.swift */,
				4EE7448B294037D5000237A6 /* UIImageExtension.swift */,
			);
			path = Extensions;
			sourceTree = "<group>";
		};
		4EE744852940354E000237A6 /* Others */ = {
			isa = PBXGroup;
			children = (
				4EE74480293FF237000237A6 /* EnumsExtension.swift */,
			);
			path = Others;
			sourceTree = "<group>";
		};
		4EE7448629403727000237A6 /* ServiceManager */ = {
			isa = PBXGroup;
			children = (
				4EE7448729403736000237A6 /* ServiceManager.swift */,
			);
			path = ServiceManager;
			sourceTree = "<group>";
		};
		4EE7448D29403890000237A6 /* ProgressView */ = {
			isa = PBXGroup;
			children = (
				4EE7448E29403938000237A6 /* ProgressView.swift */,
			);
			path = ProgressView;
			sourceTree = "<group>";
		};
		4EE7449029403992000237A6 /* Networking */ = {
			isa = PBXGroup;
			children = (
				4EE74491294039A0000237A6 /* Reachability.swift */,
			);
			path = Networking;
			sourceTree = "<group>";
		};
		4EE74493294039FF000237A6 /* AlertView */ = {
			isa = PBXGroup;
			children = (
				4EE7449429403A1A000237A6 /* AlertView.swift */,
			);
			path = AlertView;
			sourceTree = "<group>";
		};
		4EE7449629403DE5000237A6 /* ViewModel */ = {
			isa = PBXGroup;
			children = (
				4EE7449729403DFB000237A6 /* MoviesViewModel.swift */,
				4EE7449C294048A0000237A6 /* TokenViewModel.swift */,
				4EE744A0294187AB000237A6 /* DetailMovieViewModel.swift */,
			);
			path = ViewModel;
			sourceTree = "<group>";
		};
		4EE7449929403E0E000237A6 /* Model */ = {
			isa = PBXGroup;
			children = (
				4EE7449A29403E15000237A6 /* Model.swift */,
				4EE744A2294187D6000237A6 /* ModelDetailMovie.swift */,
				4E934D572941BB41002E8634 /* ModelDetailTV.swift */,
			);
			path = Model;
			sourceTree = "<group>";
		};
		4EE744A42941AE0F000237A6 /* cellDetailMovie */ = {
			isa = PBXGroup;
			children = (
				4EE744A52941AE2C000237A6 /* MovieDetailCollectionViewCell.swift */,
				4EE744A62941AE2C000237A6 /* MovieDetailCollectionViewCell.xib */,
			);
			path = cellDetailMovie;
			sourceTree = "<group>";
		};
/* End PBXGroup section */

/* Begin PBXNativeTarget section */
		4E77F223293FD76900AB541E /* coppelTestApp */ = {
			isa = PBXNativeTarget;
			buildConfigurationList = 4E77F24E293FD76A00AB541E /* Build configuration list for PBXNativeTarget "coppelTestApp" */;
			buildPhases = (
				4E77F220293FD76900AB541E /* Sources */,
				4E77F221293FD76900AB541E /* Frameworks */,
				4E77F222293FD76900AB541E /* Resources */,
			);
			buildRules = (
			);
			dependencies = (
			);
			name = coppelTestApp;
			productName = coppelTestApp;
			productReference = 4E77F224293FD76900AB541E /* coppelTestApp.app */;
			productType = "com.apple.product-type.application";
		};
		4E77F239293FD76A00AB541E /* coppelTestAppTests */ = {
			isa = PBXNativeTarget;
			buildConfigurationList = 4E77F251293FD76A00AB541E /* Build configuration list for PBXNativeTarget "coppelTestAppTests" */;
			buildPhases = (
				4E77F236293FD76A00AB541E /* Sources */,
				4E77F237293FD76A00AB541E /* Frameworks */,
				4E77F238293FD76A00AB541E /* Resources */,
			);
			buildRules = (
			);
			dependencies = (
				4E77F23C293FD76A00AB541E /* PBXTargetDependency */,
			);
			name = coppelTestAppTests;
			productName = coppelTestAppTests;
			productReference = 4E77F23A293FD76A00AB541E /* coppelTestAppTests.xctest */;
			productType = "com.apple.product-type.bundle.unit-test";
		};
		4E77F243293FD76A00AB541E /* coppelTestAppUITests */ = {
			isa = PBXNativeTarget;
			buildConfigurationList = 4E77F254293FD76A00AB541E /* Build configuration list for PBXNativeTarget "coppelTestAppUITests" */;
			buildPhases = (
				4E77F240293FD76A00AB541E /* Sources */,
				4E77F241293FD76A00AB541E /* Frameworks */,
				4E77F242293FD76A00AB541E /* Resources */,
			);
			buildRules = (
			);
			dependencies = (
				4E77F246293FD76A00AB541E /* PBXTargetDependency */,
			);
			name = coppelTestAppUITests;
			productName = coppelTestAppUITests;
			productReference = 4E77F244293FD76A00AB541E /* coppelTestAppUITests.xctest */;
			productType = "com.apple.product-type.bundle.ui-testing";
		};
/* End PBXNativeTarget section */

/* Begin PBXProject section */
		4E77F21C293FD76900AB541E /* Project object */ = {
			isa = PBXProject;
			attributes = {
				BuildIndependentTargetsInParallel = 1;
				LastSwiftUpdateCheck = 1410;
				LastUpgradeCheck = 1410;
				TargetAttributes = {
					4E77F223293FD76900AB541E = {
						CreatedOnToolsVersion = 14.1;
					};
					4E77F239293FD76A00AB541E = {
						CreatedOnToolsVersion = 14.1;
						TestTargetID = 4E77F223293FD76900AB541E;
					};
					4E77F243293FD76A00AB541E = {
						CreatedOnToolsVersion = 14.1;
						TestTargetID = 4E77F223293FD76900AB541E;
					};
				};
			};
			buildConfigurationList = 4E77F21F293FD76900AB541E /* Build configuration list for PBXProject "coppelTestApp" */;
			compatibilityVersion = "Xcode 14.0";
			developmentRegion = en;
			hasScannedForEncodings = 0;
			knownRegions = (
				en,
				Base,
			);
			mainGroup = 4E77F21B293FD76900AB541E;
			productRefGroup = 4E77F225293FD76900AB541E /* Products */;
			projectDirPath = "";
			projectRoot = "";
			targets = (
				4E77F223293FD76900AB541E /* coppelTestApp */,
				4E77F239293FD76A00AB541E /* coppelTestAppTests */,
				4E77F243293FD76A00AB541E /* coppelTestAppUITests */,
			);
		};
/* End PBXProject section */

/* Begin PBXResourcesBuildPhase section */
		4E77F222293FD76900AB541E /* Resources */ = {
			isa = PBXResourcesBuildPhase;
			buildActionMask = 2147483647;
			files = (
				4E1541C42941FFAE0020F6B8 /* MoviesHome.storyboard in Resources */,
				4E77F234293FD76A00AB541E /* LaunchScreen.storyboard in Resources */,
				4EE744A82941AE2C000237A6 /* MovieDetailCollectionViewCell.xib in Resources */,
				4E77F231293FD76A00AB541E /* Assets.xcassets in Resources */,
				4EE7447F293FE5DC000237A6 /* MoviesCollectionViewCell.xib in Resources */,
			);
			runOnlyForDeploymentPostprocessing = 0;
		};
		4E77F238293FD76A00AB541E /* Resources */ = {
			isa = PBXResourcesBuildPhase;
			buildActionMask = 2147483647;
			files = (
			);
			runOnlyForDeploymentPostprocessing = 0;
		};
		4E77F242293FD76A00AB541E /* Resources */ = {
			isa = PBXResourcesBuildPhase;
			buildActionMask = 2147483647;
			files = (
			);
			runOnlyForDeploymentPostprocessing = 0;
		};
/* End PBXResourcesBuildPhase section */

/* Begin PBXSourcesBuildPhase section */
		4E77F220293FD76900AB541E /* Sources */ = {
			isa = PBXSourcesBuildPhase;
			buildActionMask = 2147483647;
			files = (
				4E934D562941B802002E8634 /* WebSiteCreate.swift in Sources */,
				4E934D582941BB41002E8634 /* ModelDetailTV.swift in Sources */,
				4EE74481293FF237000237A6 /* EnumsExtension.swift in Sources */,
				4E77F228293FD76900AB541E /* AppDelegate.swift in Sources */,
				4EE74484293FF4B9000237A6 /* ColorExtension.swift in Sources */,
				4E77F22A293FD76900AB541E /* SceneDelegate.swift in Sources */,
				4EE744A1294187AB000237A6 /* DetailMovieViewModel.swift in Sources */,
				4EE7449529403A1A000237A6 /* AlertView.swift in Sources */,
				4E1541C52941FFB20020F6B8 /* MoviesHomeViewController.swift in Sources */,
				4EE7448C294037D5000237A6 /* UIImageExtension.swift in Sources */,
				4E934D5A2941C655002E8634 /* LoginViewController.swift in Sources */,
				4EE7449B29403E15000237A6 /* Model.swift in Sources */,
				4EE744A72941AE2C000237A6 /* MovieDetailCollectionViewCell.swift in Sources */,
				4EE7449829403DFB000237A6 /* MoviesViewModel.swift in Sources */,
				4EE7448A2940378A000237A6 /* IntExtension.swift in Sources */,
				4E47A991294255FE00E3B50D /* ProfileViewController.swift in Sources */,
				4EE74492294039A0000237A6 /* Reachability.swift in Sources */,
				4EE7448F29403938000237A6 /* ProgressView.swift in Sources */,
				4EE7449F2941800C000237A6 /* DetailMovieViewController.swift in Sources */,
				4EE7448829403736000237A6 /* ServiceManager.swift in Sources */,
				4EE7447E293FE5DC000237A6 /* MoviesCollectionViewCell.swift in Sources */,
				4EE7449D294048A0000237A6 /* TokenViewModel.swift in Sources */,
				4EE744A3294187D6000237A6 /* ModelDetailMovie.swift in Sources */,
			);
			runOnlyForDeploymentPostprocessing = 0;
		};
		4E77F236293FD76A00AB541E /* Sources */ = {
			isa = PBXSourcesBuildPhase;
			buildActionMask = 2147483647;
			files = (
				4E77F23F293FD76A00AB541E /* coppelTestAppTests.swift in Sources */,
			);
			runOnlyForDeploymentPostprocessing = 0;
		};
		4E77F240293FD76A00AB541E /* Sources */ = {
			isa = PBXSourcesBuildPhase;
			buildActionMask = 2147483647;
			files = (
				4E77F249293FD76A00AB541E /* coppelTestAppUITests.swift in Sources */,
				4E77F24B293FD76A00AB541E /* coppelTestAppUITestsLaunchTests.swift in Sources */,
			);
			runOnlyForDeploymentPostprocessing = 0;
		};
/* End PBXSourcesBuildPhase section */

/* Begin PBXTargetDependency section */
		4E77F23C293FD76A00AB541E /* PBXTargetDependency */ = {
			isa = PBXTargetDependency;
			target = 4E77F223293FD76900AB541E /* coppelTestApp */;
			targetProxy = 4E77F23B293FD76A00AB541E /* PBXContainerItemProxy */;
		};
		4E77F246293FD76A00AB541E /* PBXTargetDependency */ = {
			isa = PBXTargetDependency;
			target = 4E77F223293FD76900AB541E /* coppelTestApp */;
			targetProxy = 4E77F245293FD76A00AB541E /* PBXContainerItemProxy */;
		};
/* End PBXTargetDependency section */

/* Begin PBXVariantGroup section */
		4E77F22D293FD76900AB541E /* MoviesHome.storyboard */ = {
			isa = PBXVariantGroup;
			children = (
				4E77F22E293FD76900AB541E /* Base */,
			);
			name = MoviesHome.storyboard;
			sourceTree = "<group>";
		};
		4E77F232293FD76A00AB541E /* LaunchScreen.storyboard */ = {
			isa = PBXVariantGroup;
			children = (
				4E77F233293FD76A00AB541E /* Base */,
			);
			name = LaunchScreen.storyboard;
			sourceTree = "<group>";
		};
/* End PBXVariantGroup section */

/* Begin XCBuildConfiguration section */
		4E77F24C293FD76A00AB541E /* Debug */ = {
			isa = XCBuildConfiguration;
			buildSettings = {
				ALWAYS_SEARCH_USER_PATHS = NO;
				CLANG_ANALYZER_NONNULL = YES;
				CLANG_ANALYZER_NUMBER_OBJECT_CONVERSION = YES_AGGRESSIVE;
				CLANG_CXX_LANGUAGE_STANDARD = "gnu++20";
				CLANG_ENABLE_MODULES = YES;
				CLANG_ENABLE_OBJC_ARC = YES;
				CLANG_ENABLE_OBJC_WEAK = YES;
				CLANG_WARN_BLOCK_CAPTURE_AUTORELEASING = YES;
				CLANG_WARN_BOOL_CONVERSION = YES;
				CLANG_WARN_COMMA = YES;
				CLANG_WARN_CONSTANT_CONVERSION = YES;
				CLANG_WARN_DEPRECATED_OBJC_IMPLEMENTATIONS = YES;
				CLANG_WARN_DIRECT_OBJC_ISA_USAGE = YES_ERROR;
				CLANG_WARN_DOCUMENTATION_COMMENTS = YES;
				CLANG_WARN_EMPTY_BODY = YES;
				CLANG_WARN_ENUM_CONVERSION = YES;
				CLANG_WARN_INFINITE_RECURSION = YES;
				CLANG_WARN_INT_CONVERSION = YES;
				CLANG_WARN_NON_LITERAL_NULL_CONVERSION = YES;
				CLANG_WARN_OBJC_IMPLICIT_RETAIN_SELF = YES;
				CLANG_WARN_OBJC_LITERAL_CONVERSION = YES;
				CLANG_WARN_OBJC_ROOT_CLASS = YES_ERROR;
				CLANG_WARN_QUOTED_INCLUDE_IN_FRAMEWORK_HEADER = YES;
				CLANG_WARN_RANGE_LOOP_ANALYSIS = YES;
				CLANG_WARN_STRICT_PROTOTYPES = YES;
				CLANG_WARN_SUSPICIOUS_MOVE = YES;
				CLANG_WARN_UNGUARDED_AVAILABILITY = YES_AGGRESSIVE;
				CLANG_WARN_UNREACHABLE_CODE = YES;
				CLANG_WARN__DUPLICATE_METHOD_MATCH = YES;
				COPY_PHASE_STRIP = NO;
				DEBUG_INFORMATION_FORMAT = dwarf;
				ENABLE_STRICT_OBJC_MSGSEND = YES;
				ENABLE_TESTABILITY = YES;
				GCC_C_LANGUAGE_STANDARD = gnu11;
				GCC_DYNAMIC_NO_PIC = NO;
				GCC_NO_COMMON_BLOCKS = YES;
				GCC_OPTIMIZATION_LEVEL = 0;
				GCC_PREPROCESSOR_DEFINITIONS = (
					"DEBUG=1",
					"$(inherited)",
				);
				GCC_WARN_64_TO_32_BIT_CONVERSION = YES;
				GCC_WARN_ABOUT_RETURN_TYPE = YES_ERROR;
				GCC_WARN_UNDECLARED_SELECTOR = YES;
				GCC_WARN_UNINITIALIZED_AUTOS = YES_AGGRESSIVE;
				GCC_WARN_UNUSED_FUNCTION = YES;
				GCC_WARN_UNUSED_VARIABLE = YES;
				IPHONEOS_DEPLOYMENT_TARGET = 16.1;
				MTL_ENABLE_DEBUG_INFO = INCLUDE_SOURCE;
				MTL_FAST_MATH = YES;
				ONLY_ACTIVE_ARCH = YES;
				SDKROOT = iphoneos;
				SWIFT_ACTIVE_COMPILATION_CONDITIONS = DEBUG;
				SWIFT_OPTIMIZATION_LEVEL = "-Onone";
			};
			name = Debug;
		};
		4E77F24D293FD76A00AB541E /* Release */ = {
			isa = XCBuildConfiguration;
			buildSettings = {
				ALWAYS_SEARCH_USER_PATHS = NO;
				CLANG_ANALYZER_NONNULL = YES;
				CLANG_ANALYZER_NUMBER_OBJECT_CONVERSION = YES_AGGRESSIVE;
				CLANG_CXX_LANGUAGE_STANDARD = "gnu++20";
				CLANG_ENABLE_MODULES = YES;
				CLANG_ENABLE_OBJC_ARC = YES;
				CLANG_ENABLE_OBJC_WEAK = YES;
				CLANG_WARN_BLOCK_CAPTURE_AUTORELEASING = YES;
				CLANG_WARN_BOOL_CONVERSION = YES;
				CLANG_WARN_COMMA = YES;
				CLANG_WARN_CONSTANT_CONVERSION = YES;
				CLANG_WARN_DEPRECATED_OBJC_IMPLEMENTATIONS = YES;
				CLANG_WARN_DIRECT_OBJC_ISA_USAGE = YES_ERROR;
				CLANG_WARN_DOCUMENTATION_COMMENTS = YES;
				CLANG_WARN_EMPTY_BODY = YES;
				CLANG_WARN_ENUM_CONVERSION = YES;
				CLANG_WARN_INFINITE_RECURSION = YES;
				CLANG_WARN_INT_CONVERSION = YES;
				CLANG_WARN_NON_LITERAL_NULL_CONVERSION = YES;
				CLANG_WARN_OBJC_IMPLICIT_RETAIN_SELF = YES;
				CLANG_WARN_OBJC_LITERAL_CONVERSION = YES;
				CLANG_WARN_OBJC_ROOT_CLASS = YES_ERROR;
				CLANG_WARN_QUOTED_INCLUDE_IN_FRAMEWORK_HEADER = YES;
				CLANG_WARN_RANGE_LOOP_ANALYSIS = YES;
				CLANG_WARN_STRICT_PROTOTYPES = YES;
				CLANG_WARN_SUSPICIOUS_MOVE = YES;
				CLANG_WARN_UNGUARDED_AVAILABILITY = YES_AGGRESSIVE;
				CLANG_WARN_UNREACHABLE_CODE = YES;
				CLANG_WARN__DUPLICATE_METHOD_MATCH = YES;
				COPY_PHASE_STRIP = NO;
				DEBUG_INFORMATION_FORMAT = "dwarf-with-dsym";
				ENABLE_NS_ASSERTIONS = NO;
				ENABLE_STRICT_OBJC_MSGSEND = YES;
				GCC_C_LANGUAGE_STANDARD = gnu11;
				GCC_NO_COMMON_BLOCKS = YES;
				GCC_WARN_64_TO_32_BIT_CONVERSION = YES;
				GCC_WARN_ABOUT_RETURN_TYPE = YES_ERROR;
				GCC_WARN_UNDECLARED_SELECTOR = YES;
				GCC_WARN_UNINITIALIZED_AUTOS = YES_AGGRESSIVE;
				GCC_WARN_UNUSED_FUNCTION = YES;
				GCC_WARN_UNUSED_VARIABLE = YES;
				IPHONEOS_DEPLOYMENT_TARGET = 16.1;
				MTL_ENABLE_DEBUG_INFO = NO;
				MTL_FAST_MATH = YES;
				SDKROOT = iphoneos;
				SWIFT_COMPILATION_MODE = wholemodule;
				SWIFT_OPTIMIZATION_LEVEL = "-O";
				VALIDATE_PRODUCT = YES;
			};
			name = Release;
		};
		4E77F24F293FD76A00AB541E /* Debug */ = {
			isa = XCBuildConfiguration;
			buildSettings = {
				API_KEY = "?api_key=c2c11bcd4f8c88a26a997312f05ec5ea";
				API_KEY_LANGUAGE = "?api_key=c2c11bcd4f8c88a26a997312f05ec5ea&language=en-US";
				ASSETCATALOG_COMPILER_APPICON_NAME = AppIcon;
				ASSETCATALOG_COMPILER_GLOBAL_ACCENT_COLOR_NAME = AccentColor;
				BASE_URL = "https://api.themoviedb.org/3/";
				CODE_SIGN_STYLE = Automatic;
				CURRENT_PROJECT_VERSION = 1;
				DEVELOPMENT_TEAM = 8K2YT6Z4CB;
				GENERATE_INFOPLIST_FILE = YES;
				INFOPLIST_FILE = coppelTestApp/Info.plist;
				INFOPLIST_KEY_UIApplicationSupportsIndirectInputEvents = YES;
				INFOPLIST_KEY_UILaunchStoryboardName = MoviesHome.storyboard;
				INFOPLIST_KEY_UIMainStoryboardFile = MoviesHome;
				INFOPLIST_KEY_UIStatusBarStyle = "";
				INFOPLIST_KEY_UISupportedInterfaceOrientations = UIInterfaceOrientationPortrait;
				INFOPLIST_KEY_UISupportedInterfaceOrientations_iPad = UIInterfaceOrientationLandscapeLeft;
				LD_RUNPATH_SEARCH_PATHS = (
					"$(inherited)",
					"@executable_path/Frameworks",
				);
				MARKETING_VERSION = 1.0;
				PRODUCT_BUNDLE_IDENTIFIER = coppelTestApp.RamonReyes.coppelTestApp;
				PRODUCT_NAME = "$(TARGET_NAME)";
				SUPPORTED_PLATFORMS = "iphoneos iphonesimulator";
				SUPPORTS_MACCATALYST = NO;
				SUPPORTS_MAC_DESIGNED_FOR_IPHONE_IPAD = NO;
				SWIFT_EMIT_LOC_STRINGS = YES;
				SWIFT_VERSION = 5.0;
				TARGETED_DEVICE_FAMILY = 1;
			};
			name = Debug;
		};
		4E77F250293FD76A00AB541E /* Release */ = {
			isa = XCBuildConfiguration;
			buildSettings = {
				API_KEY = "?api_key=c2c11bcd4f8c88a26a997312f05ec5ea";
				API_KEY_LANGUAGE = "?api_key=c2c11bcd4f8c88a26a997312f05ec5ea&language=en-US";
				ASSETCATALOG_COMPILER_APPICON_NAME = AppIcon;
				ASSETCATALOG_COMPILER_GLOBAL_ACCENT_COLOR_NAME = AccentColor;
				BASE_URL = "https://api.themoviedb.org/3/";
				CODE_SIGN_STYLE = Automatic;
				CURRENT_PROJECT_VERSION = 1;
				DEVELOPMENT_TEAM = 8K2YT6Z4CB;
				GENERATE_INFOPLIST_FILE = YES;
				INFOPLIST_FILE = coppelTestApp/Info.plist;
				INFOPLIST_KEY_UIApplicationSupportsIndirectInputEvents = YES;
				INFOPLIST_KEY_UILaunchStoryboardName = MoviesHome.storyboard;
				INFOPLIST_KEY_UIMainStoryboardFile = MoviesHome;
				INFOPLIST_KEY_UIStatusBarStyle = "";
				INFOPLIST_KEY_UISupportedInterfaceOrientations = UIInterfaceOrientationPortrait;
				INFOPLIST_KEY_UISupportedInterfaceOrientations_iPad = UIInterfaceOrientationLandscapeLeft;
				LD_RUNPATH_SEARCH_PATHS = (
					"$(inherited)",
					"@executable_path/Frameworks",
				);
				MARKETING_VERSION = 1.0;
				PRODUCT_BUNDLE_IDENTIFIER = coppelTestApp.RamonReyes.coppelTestApp;
				PRODUCT_NAME = "$(TARGET_NAME)";
				SUPPORTED_PLATFORMS = "iphoneos iphonesimulator";
				SUPPORTS_MACCATALYST = NO;
				SUPPORTS_MAC_DESIGNED_FOR_IPHONE_IPAD = NO;
				SWIFT_EMIT_LOC_STRINGS = YES;
				SWIFT_VERSION = 5.0;
				TARGETED_DEVICE_FAMILY = 1;
			};
			name = Release;
		};
		4E77F252293FD76A00AB541E /* Debug */ = {
			isa = XCBuildConfiguration;
			buildSettings = {
				ALWAYS_EMBED_SWIFT_STANDARD_LIBRARIES = YES;
				BUNDLE_LOADER = "$(TEST_HOST)";
				CODE_SIGN_STYLE = Automatic;
				CURRENT_PROJECT_VERSION = 1;
				DEVELOPMENT_TEAM = 8K2YT6Z4CB;
				GENERATE_INFOPLIST_FILE = YES;
				IPHONEOS_DEPLOYMENT_TARGET = 16.1;
				MARKETING_VERSION = 1.0;
				PRODUCT_BUNDLE_IDENTIFIER = coppelTestApp.RamonReyes.coppelTestAppTests;
				PRODUCT_NAME = "$(TARGET_NAME)";
				SWIFT_EMIT_LOC_STRINGS = NO;
				SWIFT_VERSION = 5.0;
				TARGETED_DEVICE_FAMILY = "1,2";
				TEST_HOST = "$(BUILT_PRODUCTS_DIR)/coppelTestApp.app/$(BUNDLE_EXECUTABLE_FOLDER_PATH)/coppelTestApp";
			};
			name = Debug;
		};
		4E77F253293FD76A00AB541E /* Release */ = {
			isa = XCBuildConfiguration;
			buildSettings = {
				ALWAYS_EMBED_SWIFT_STANDARD_LIBRARIES = YES;
				BUNDLE_LOADER = "$(TEST_HOST)";
				CODE_SIGN_STYLE = Automatic;
				CURRENT_PROJECT_VERSION = 1;
				DEVELOPMENT_TEAM = 8K2YT6Z4CB;
				GENERATE_INFOPLIST_FILE = YES;
				IPHONEOS_DEPLOYMENT_TARGET = 16.1;
				MARKETING_VERSION = 1.0;
				PRODUCT_BUNDLE_IDENTIFIER = coppelTestApp.RamonReyes.coppelTestAppTests;
				PRODUCT_NAME = "$(TARGET_NAME)";
				SWIFT_EMIT_LOC_STRINGS = NO;
				SWIFT_VERSION = 5.0;
				TARGETED_DEVICE_FAMILY = "1,2";
				TEST_HOST = "$(BUILT_PRODUCTS_DIR)/coppelTestApp.app/$(BUNDLE_EXECUTABLE_FOLDER_PATH)/coppelTestApp";
			};
			name = Release;
		};
		4E77F255293FD76A00AB541E /* Debug */ = {
			isa = XCBuildConfiguration;
			buildSettings = {
				ALWAYS_EMBED_SWIFT_STANDARD_LIBRARIES = YES;
				CODE_SIGN_STYLE = Automatic;
				CURRENT_PROJECT_VERSION = 1;
				DEVELOPMENT_TEAM = 8K2YT6Z4CB;
				GENERATE_INFOPLIST_FILE = YES;
				MARKETING_VERSION = 1.0;
				PRODUCT_BUNDLE_IDENTIFIER = coppelTestApp.RamonReyes.coppelTestAppUITests;
				PRODUCT_NAME = "$(TARGET_NAME)";
				SWIFT_EMIT_LOC_STRINGS = NO;
				SWIFT_VERSION = 5.0;
				TARGETED_DEVICE_FAMILY = "1,2";
				TEST_TARGET_NAME = coppelTestApp;
			};
			name = Debug;
		};
		4E77F256293FD76A00AB541E /* Release */ = {
			isa = XCBuildConfiguration;
			buildSettings = {
				ALWAYS_EMBED_SWIFT_STANDARD_LIBRARIES = YES;
				CODE_SIGN_STYLE = Automatic;
				CURRENT_PROJECT_VERSION = 1;
				DEVELOPMENT_TEAM = 8K2YT6Z4CB;
				GENERATE_INFOPLIST_FILE = YES;
				MARKETING_VERSION = 1.0;
				PRODUCT_BUNDLE_IDENTIFIER = coppelTestApp.RamonReyes.coppelTestAppUITests;
				PRODUCT_NAME = "$(TARGET_NAME)";
				SWIFT_EMIT_LOC_STRINGS = NO;
				SWIFT_VERSION = 5.0;
				TARGETED_DEVICE_FAMILY = "1,2";
				TEST_TARGET_NAME = coppelTestApp;
			};
			name = Release;
		};
/* End XCBuildConfiguration section */

/* Begin XCConfigurationList section */
		4E77F21F293FD76900AB541E /* Build configuration list for PBXProject "coppelTestApp" */ = {
			isa = XCConfigurationList;
			buildConfigurations = (
				4E77F24C293FD76A00AB541E /* Debug */,
				4E77F24D293FD76A00AB541E /* Release */,
			);
			defaultConfigurationIsVisible = 0;
			defaultConfigurationName = Release;
		};
		4E77F24E293FD76A00AB541E /* Build configuration list for PBXNativeTarget "coppelTestApp" */ = {
			isa = XCConfigurationList;
			buildConfigurations = (
				4E77F24F293FD76A00AB541E /* Debug */,
				4E77F250293FD76A00AB541E /* Release */,
			);
			defaultConfigurationIsVisible = 0;
			defaultConfigurationName = Release;
		};
		4E77F251293FD76A00AB541E /* Build configuration list for PBXNativeTarget "coppelTestAppTests" */ = {
			isa = XCConfigurationList;
			buildConfigurations = (
				4E77F252293FD76A00AB541E /* Debug */,
				4E77F253293FD76A00AB541E /* Release */,
			);
			defaultConfigurationIsVisible = 0;
			defaultConfigurationName = Release;
		};
		4E77F254293FD76A00AB541E /* Build configuration list for PBXNativeTarget "coppelTestAppUITests" */ = {
			isa = XCConfigurationList;
			buildConfigurations = (
				4E77F255293FD76A00AB541E /* Debug */,
				4E77F256293FD76A00AB541E /* Release */,
			);
			defaultConfigurationIsVisible = 0;
			defaultConfigurationName = Release;
		};
/* End XCConfigurationList section */
	};
	rootObject = 4E77F21C293FD76900AB541E /* Project object */;
}
